
Microsoft Visual Studio Solution File, Format Version 12.00
# Visual Studio Version 16
VisualStudioVersion = 16.0.29806.167
MinimumVisualStudioVersion = 10.0.40219.1
Project("{FAE04EC0-301F-11D3-BF4B-00C04F79EFBC}") = "AdventOfCode", "AdventOfCode\AdventOfCode.csproj", "{E1C24185-B4C5-4DC5-9A1B-6C00CCE650A9}"
EndProject
Global
	GlobalSection(SolutionConfigurationPlatforms) = preSolution
		Debug|Any CPU = Debug|Any CPU
		Release|Any CPU = Release|Any CPU
	EndGlobalSection
	GlobalSection(ProjectConfigurationPlatforms) = postSolution
		{E1C24185-B4C5-4DC5-9A1B-6C00CCE650A9}.Debug|Any CPU.ActiveCfg = Debug|Any CPU
		{E1C24185-B4C5-4DC5-9A1B-6C00CCE650A9}.Debug|Any CPU.Build.0 = Debug|Any CPU
		{E1C24185-B4C5-4DC5-9A1B-6C00CCE650A9}.Release|Any CPU.ActiveCfg = Release|Any CPU
		{E1C24185-B4C5-4DC5-9A1B-6C00CCE650A9}.Release|Any CPU.Build.0 = Release|Any CPU
	EndGlobalSection
	GlobalSection(SolutionProperties) = preSolution
		HideSolutionNode = FALSE
	EndGlobalSection
	GlobalSection(ExtensibilityGlobals) = postSolution
		SolutionGuid = {8F649176-7A77-45CA-874F-8CDE806172CB}
	EndGlobalSection
EndGlobal
